
Microsoft Visual Studio Solution File, Format Version 12.00
# Visual Studio Version 16
VisualStudioVersion = 16.0.30621.155
MinimumVisualStudioVersion = 10.0.40219.1
Project("{FAE04EC0-301F-11D3-BF4B-00C04F79EFBC}") = "Client", "Client.csproj", "{DB3F2DDB-626B-4631-988C-3295B48A1400}"
EndProject
Global
	GlobalSection(SolutionConfigurationPlatforms) = preSolution
		Debug|Any CPU = Debug|Any CPU
		Release|Any CPU = Release|Any CPU
	EndGlobalSection
	GlobalSection(ProjectConfigurationPlatforms) = postSolution
		{DB3F2DDB-626B-4631-988C-3295B48A1400}.Debug|Any CPU.ActiveCfg = Debug|Any CPU
		{DB3F2DDB-626B-4631-988C-3295B48A1400}.Debug|Any CPU.Build.0 = Debug|Any CPU
		{DB3F2DDB-626B-4631-988C-3295B48A1400}.Release|Any CPU.ActiveCfg = Release|Any CPU
		{DB3F2DDB-626B-4631-988C-3295B48A1400}.Release|Any CPU.Build.0 = Release|Any CPU
	EndGlobalSection
	GlobalSection(SolutionProperties) = preSolution
		HideSolutionNode = FALSE
	EndGlobalSection
	GlobalSection(ExtensibilityGlobals) = postSolution
		SolutionGuid = {DFCF4854-23E9-4229-BD07-991E39266917}
	EndGlobalSection
EndGlobal
